PODS:
  - Kiwi (3.0.0)
  - MBProgressHUD (1.1.0)
  - "UIView+YFMBProgressHUD (0.2.0)":
    - MBProgressHUD

DEPENDENCIES:
  - Kiwi
  - "UIView+YFMBProgressHUD (from `../`)"

SPEC REPOS:
  trunk:
    - Kiwi
    - MBProgressHUD

EXTERNAL SOURCES:
  "UIView+YFMBProgressHUD":
    :path: "../"

SPEC CHECKSUMS:
  Kiwi: fbeafef0f00e4d8f7dcb3420a4930afe70af77f7
  MBProgressHUD: e7baa36a220447d8aeb12769bf0585582f3866d9
  "UIView+YFMBProgressHUD": 9c5928c629d7bd9ebd0cbdae0c0ff1c620c2c947

PODFILE CHECKSUM: e33e1c21252489ce1175311151115e62c0182270

COCOAPODS: 1.9.1
